// !$*UTF8*$!
{
	archiveVersion = 1;
	classes = {
	};
	objectVersion = 56;
	objects = {

/* Begin PBXBuildFile section */
		17648AFD2F39916E003C0AE5 /* LifeGridApp.swift in Sources */ = {isa = PBXBuildFile; fileRef = 17648AFC2F39916E003C0AE5 /* LifeGridApp.swift */; };
		17648AFF2F39916E003C0AE5 /* Persistence.swift in Sources */ = {isa = PBXBuildFile; fileRef = 17648AFE2F39916E003C0AE5 /* Persistence.swift */; };
		17648B022F39916E003C0AE5 /* LifeGrid.xcdatamodeld in Sources */ = {isa = PBXBuildFile; fileRef = 17648B002F39916E003C0AE5 /* LifeGrid.xcdatamodeld */; };
		17648B042F39916E003C0AE5 /* ContentView.swift in Sources */ = {isa = PBXBuildFile; fileRef = 17648B032F39916E003C0AE5 /* ContentView.swift */; };
		17648B062F399170003C0AE5 /* Assets.xcassets in Resources */ = {isa = PBXBuildFile; fileRef = 17648B052F399170003C0AE5 /* Assets.xcassets */; };
		17648B0A2F399170003C0AE5 /* Preview Assets.xcassets in Resources */ = {isa = PBXBuildFile; fileRef = 17648B092F399170003C0AE5 /* Preview Assets.xcassets */; };
		17648B142F399171003C0AE5 /* LifeGridTests.swift in Sources */ = {isa = PBXBuildFile; fileRef = 17648B132F399171003C0AE5 /* LifeGridTests.swift */; };
		17648B1E2F399171003C0AE5 /* LifeGridUITests.swift in Sources */ = {isa = PBXBuildFile; fileRef = 17648B1D2F399171003C0AE5 /* LifeGridUITests.swift */; };
		17648B202F399171003C0AE5 /* LifeGridUITestsLaunchTests.swift in Sources */ = {isa = PBXBuildFile; fileRef = 17648B1F2F399171003C0AE5 /* LifeGridUITestsLaunchTests.swift */; };
/* End PBXBuildFile section */

/* Begin PBXContainerItemProxy section */
		17648B102F399171003C0AE5 /* PBXContainerItemProxy */ = {
			isa = PBXContainerItemProxy;
			containerPortal = 17648AF12F39916E003C0AE5 /* Project object */;
			proxyType = 1;
			remoteGlobalIDString = 17648AF82F39916E003C0AE5;
			remoteInfo = LifeGrid;
		};
		17648B1A2F399171003C0AE5 /* PBXContainerItemProxy */ = {
			isa = PBXContainerItemProxy;
			containerPortal = 17648AF12F39916E003C0AE5 /* Project object */;
			proxyType = 1;
			remoteGlobalIDString = 17648AF82F39916E003C0AE5;
			remoteInfo = LifeGrid;
		};
/* End PBXContainerItemProxy section */

/* Begin PBXFileReference section */
		17648AF92F39916E003C0AE5 /* LifeGrid.app */ = {isa = PBXFileReference; explicitFileType = wrapper.application; includeInIndex = 0; path = LifeGrid.app; sourceTree = BUILT_PRODUCTS_DIR; };
		17648AFC2F39916E003C0AE5 /* LifeGridApp.swift */ = {isa = PBXFileReference; lastKnownFileType = sourcecode.swift; path = LifeGridApp.swift; sourceTree = "<group>"; };
		17648AFE2F39916E003C0AE5 /* Persistence.swift */ = {isa = PBXFileReference; lastKnownFileType = sourcecode.swift; path = Persistence.swift; sourceTree = "<group>"; };
		17648B012F39916E003C0AE5 /* LifeGrid.xcdatamodel */ = {isa = PBXFileReference; lastKnownFileType = wrapper.xcdatamodel; path = LifeGrid.xcdatamodel; sourceTree = "<group>"; };
		17648B032F39916E003C0AE5 /* ContentView.swift */ = {isa = PBXFileReference; lastKnownFileType = sourcecode.swift; path = ContentView.swift; sourceTree = "<group>"; };
		17648B052F399170003C0AE5 /* Assets.xcassets */ = {isa = PBXFileReference; lastKnownFileType = folder.assetcatalog; path = Assets.xcassets; sourceTree = "<group>"; };
		17648B072F399170003C0AE5 /* LifeGrid.entitlements */ = {isa = PBXFileReference; lastKnownFileType = text.plist.entitlements; path = LifeGrid.entitlements; sourceTree = "<group>"; };
		17648B092F399170003C0AE5 /* Preview Assets.xcassets */ = {isa = PBXFileReference; lastKnownFileType = folder.assetcatalog; path = "Preview Assets.xcassets"; sourceTree = "<group>"; };
		17648B0F2F399171003C0AE5 /* LifeGridTests.xctest */ = {isa = PBXFileReference; explicitFileType = wrapper.cfbundle; includeInIndex = 0; path = LifeGridTests.xctest; sourceTree = BUILT_PRODUCTS_DIR; };
		17648B132F399171003C0AE5 /* LifeGridTests.swift */ = {isa = PBXFileReference; lastKnownFileType = sourcecode.swift; path = LifeGridTests.swift; sourceTree = "<group>"; };
		17648B192F399171003C0AE5 /* LifeGridUITests.xctest */ = {isa = PBXFileReference; explicitFileType = wrapper.cfbundle; includeInIndex = 0; path = LifeGridUITests.xctest; sourceTree = BUILT_PRODUCTS_DIR; };
		17648B1D2F399171003C0AE5 /* LifeGridUITests.swift */ = {isa = PBXFileReference; lastKnownFileType = sourcecode.swift; path = LifeGridUITests.swift; sourceTree = "<group>"; };
		17648B1F2F399171003C0AE5 /* LifeGridUITestsLaunchTests.swift */ = {isa = PBXFileReference; lastKnownFileType = sourcecode.swift; path = LifeGridUITestsLaunchTests.swift; sourceTree = "<group>"; };
/* End PBXFileReference section */

/* Begin PBXFrameworksBuildPhase section */
		17648AF62F39916E003C0AE5 /* Frameworks */ = {
			isa = PBXFrameworksBuildPhase;
			buildActionMask = 2147483647;
			files = (
			);
			runOnlyForDeploymentPostprocessing = 0;
		};
		17648B0C2F399171003C0AE5 /* Frameworks */ = {
			isa = PBXFrameworksBuildPhase;
			buildActionMask = 2147483647;
			files = (
			);
			runOnlyForDeploymentPostprocessing = 0;
		};
		17648B162F399171003C0AE5 /* Frameworks */ = {
			isa = PBXFrameworksBuildPhase;
			buildActionMask = 2147483647;
			files = (
			);
			runOnlyForDeploymentPostprocessing = 0;
		};
/* End PBXFrameworksBuildPhase section */

/* Begin PBXGroup section */
		17648AF02F39916E003C0AE5 = {
			isa = PBXGroup;
			children = (
				17648AFB2F39916E003C0AE5,
				17648B122F399171003C0AE5 /* LifeGridTests */,
				17648B1C2F399171003C0AE5 /* LifeGridUITests */,
				17648AFA2F39916E003C0AE5 /* Products */,
			);
			sourceTree = "<group>";
		};
		17648AFA2F39916E003C0AE5 /* Products */ = {
			isa = PBXGroup;
			children = (
				17648AF92F39916E003C0AE5 /* LifeGrid.app */,
				17648B0F2F399171003C0AE5 /* LifeGridTests.xctest */,
				17648B192F399171003C0AE5 /* LifeGridUITests.xctest */,
			);
			name = Products;
			sourceTree = "<group>";
		};
		17648AFB2F39916E003C0AE5 = {
			isa = PBXGroup;
			children = (
				17648AFC2F39916E003C0AE5 /* LifeGridApp.swift */,
				17648AFE2F39916E003C0AE5 /* Persistence.swift */,
				17648B032F39916E003C0AE5 /* ContentView.swift */,
				17648B052F399170003C0AE5 /* Assets.xcassets */,
				17648B072F399170003C0AE5 /* LifeGrid.entitlements */,
				17648B002F39916E003C0AE5 /* LifeGrid.xcdatamodeld */,
				17648B082F399170003C0AE5 /* Preview Content */,
			);
			sourceTree = "<group>";
		};
		17648B082F399170003C0AE5 /* Preview Content */ = {
			isa = PBXGroup;
			children = (
				17648B092F399170003C0AE5 /* Preview Assets.xcassets */,
			);
			path = "Preview Content";
			sourceTree = "<group>";
		};
		17648B122F399171003C0AE5 /* LifeGridTests */ = {
			isa = PBXGroup;
			children = (
				17648B132F399171003C0AE5 /* LifeGridTests.swift */,
			);
			path = LifeGridTests;
			sourceTree = "<group>";
		};
		17648B1C2F399171003C0AE5 /* LifeGridUITests */ = {
			isa = PBXGroup;
			children = (
				17648B1D2F399171003C0AE5 /* LifeGridUITests.swift */,
				17648B1F2F399171003C0AE5 /* LifeGridUITestsLaunchTests.swift */,
			);
			path = LifeGridUITests;
			sourceTree = "<group>";
		};
/* End PBXGroup section */

/* Begin PBXNativeTarget section */
		17648AF82F39916E003C0AE5 /* LifeGrid */ = {
			isa = PBXNativeTarget;
			buildConfigurationList = 17648B232F399171003C0AE5 /* Build configuration list for PBXNativeTarget "LifeGrid" */;
			buildPhases = (
				17648AF52F39916E003C0AE5 /* Sources */,
				17648AF62F39916E003C0AE5 /* Frameworks */,
				17648AF72F39916E003C0AE5 /* Resources */,
			);
			buildRules = (
			);
			dependencies = (
			);
			name = LifeGrid;
			productName = LifeGrid;
			productReference = 17648AF92F39916E003C0AE5 /* LifeGrid.app */;
			productType = "com.apple.product-type.application";
		};
		17648B0E2F399171003C0AE5 /* LifeGridTests */ = {
			isa = PBXNativeTarget;
			buildConfigurationList = 17648B262F399171003C0AE5 /* Build configuration list for PBXNativeTarget "LifeGridTests" */;
			buildPhases = (
				17648B0B2F399171003C0AE5 /* Sources */,
				17648B0C2F399171003C0AE5 /* Frameworks */,
				17648B0D2F399171003C0AE5 /* Resources */,
			);
			buildRules = (
			);
			dependencies = (
				17648B112F399171003C0AE5 /* PBXTargetDependency */,
			);
			name = LifeGridTests;
			productName = LifeGridTests;
			productReference = 17648B0F2F399171003C0AE5 /* LifeGridTests.xctest */;
			productType = "com.apple.product-type.bundle.unit-test";
		};
		17648B182F399171003C0AE5 /* LifeGridUITests */ = {
			isa = PBXNativeTarget;
			buildConfigurationList = 17648B292F399171003C0AE5 /* Build configuration list for PBXNativeTarget "LifeGridUITests" */;
			buildPhases = (
				17648B152F399171003C0AE5 /* Sources */,
				17648B162F399171003C0AE5 /* Frameworks */,
				17648B172F399171003C0AE5 /* Resources */,
			);
			buildRules = (
			);
			dependencies = (
				17648B1B2F399171003C0AE5 /* PBXTargetDependency */,
			);
			name = LifeGridUITests;
			productName = LifeGridUITests;
			productReference = 17648B192F399171003C0AE5 /* LifeGridUITests.xctest */;
			productType = "com.apple.product-type.bundle.ui-testing";
		};
/* End PBXNativeTarget section */

/* Begin PBXProject section */
		17648AF12F39916E003C0AE5 /* Project object */ = {
			isa = PBXProject;
			attributes = {
				BuildIndependentTargetsInParallel = 1;
				LastSwiftUpdateCheck = 1520;
				LastUpgradeCheck = 1520;
				TargetAttributes = {
					17648AF82F39916E003C0AE5 = {
						CreatedOnToolsVersion = 15.2;
					};
					17648B0E2F399171003C0AE5 = {
						CreatedOnToolsVersion = 15.2;
						TestTargetID = 17648AF82F39916E003C0AE5;
					};
					17648B182F399171003C0AE5 = {
						CreatedOnToolsVersion = 15.2;
						TestTargetID = 17648AF82F39916E003C0AE5;
					};
				};
			};
			buildConfigurationList = 17648AF42F39916E003C0AE5 /* Build configuration list for PBXProject "LifeGrid" */;
			compatibilityVersion = "Xcode 14.0";
			developmentRegion = en;
			hasScannedForEncodings = 0;
			knownRegions = (
				en,
				Base,
			);
			mainGroup = 17648AF02F39916E003C0AE5;
			productRefGroup = 17648AFA2F39916E003C0AE5 /* Products */;
			projectDirPath = "";
			projectRoot = "";
			targets = (
				17648AF82F39916E003C0AE5 /* LifeGrid */,
				17648B0E2F399171003C0AE5 /* LifeGridTests */,
				17648B182F399171003C0AE5 /* LifeGridUITests */,
			);
		};
/* End PBXProject section */

/* Begin PBXResourcesBuildPhase section */
		17648AF72F39916E003C0AE5 /* Resources */ = {
			isa = PBXResourcesBuildPhase;
			buildActionMask = 2147483647;
			files = (
				17648B0A2F399170003C0AE5 /* Preview Assets.xcassets in Resources */,
				17648B062F399170003C0AE5 /* Assets.xcassets in Resources */,
			);
			runOnlyForDeploymentPostprocessing = 0;
		};
		17648B0D2F399171003C0AE5 /* Resources */ = {
			isa = PBXResourcesBuildPhase;
			buildActionMask = 2147483647;
			files = (
			);
			runOnlyForDeploymentPostprocessing = 0;
		};
		17648B172F399171003C0AE5 /* Resources */ = {
			isa = PBXResourcesBuildPhase;
			buildActionMask = 2147483647;
			files = (
			);
			runOnlyForDeploymentPostprocessing = 0;
		};
/* End PBXResourcesBuildPhase section */

/* Begin PBXSourcesBuildPhase section */
		17648AF52F39916E003C0AE5 /* Sources */ = {
			isa = PBXSourcesBuildPhase;
			buildActionMask = 2147483647;
			files = (
				17648B022F39916E003C0AE5 /* LifeGrid.xcdatamodeld in Sources */,
				17648AFD2F39916E003C0AE5 /* LifeGridApp.swift in Sources */,
				17648B042F39916E003C0AE5 /* ContentView.swift in Sources */,
				17648AFF2F39916E003C0AE5 /* Persistence.swift in Sources */,
			);
			runOnlyForDeploymentPostprocessing = 0;
		};
		17648B0B2F399171003C0AE5 /* Sources */ = {
			isa = PBXSourcesBuildPhase;
			buildActionMask = 2147483647;
			files = (
				17648B142F399171003C0AE5 /* LifeGridTests.swift in Sources */,
			);
			runOnlyForDeploymentPostprocessing = 0;
		};
		17648B152F399171003C0AE5 /* Sources */ = {
			isa = PBXSourcesBuildPhase;
			buildActionMask = 2147483647;
			files = (
				17648B202F399171003C0AE5 /* LifeGridUITestsLaunchTests.swift in Sources */,
				17648B1E2F399171003C0AE5 /* LifeGridUITests.swift in Sources */,
			);
			runOnlyForDeploymentPostprocessing = 0;
		};
/* End PBXSourcesBuildPhase section */

/* Begin PBXTargetDependency section */
		17648B112F399171003C0AE5 /* PBXTargetDependency */ = {
			isa = PBXTargetDependency;
			target = 17648AF82F39916E003C0AE5 /* LifeGrid */;
			targetProxy = 17648B102F399171003C0AE5 /* PBXContainerItemProxy */;
		};
		17648B1B2F399171003C0AE5 /* PBXTargetDependency */ = {
			isa = PBXTargetDependency;
			target = 17648AF82F39916E003C0AE5 /* LifeGrid */;
			targetProxy = 17648B1A2F399171003C0AE5 /* PBXContainerItemProxy */;
		};
/* End PBXTargetDependency section */

/* Begin XCBuildConfiguration section */
		17648B212F399171003C0AE5 /* Debug */ = {
			isa = XCBuildConfiguration;
			buildSettings = {
				ALWAYS_SEARCH_USER_PATHS = NO;
				ASSETCATALOG_COMPILER_GENERATE_SWIFT_ASSET_SYMBOL_EXTENSIONS = YES;
				CLANG_ANALYZER_NONNULL = YES;
				CLANG_ANALYZER_NUMBER_OBJECT_CONVERSION = YES_AGGRESSIVE;
				CLANG_CXX_LANGUAGE_STANDARD = "gnu++20";
				CLANG_ENABLE_MODULES = YES;
				CLANG_ENABLE_OBJC_ARC = YES;
				CLANG_ENABLE_OBJC_WEAK = YES;
				CLANG_WARN_BLOCK_CAPTURE_AUTORELEASING = YES;
				CLANG_WARN_BOOL_CONVERSION = YES;
				CLANG_WARN_COMMA = YES;
				CLANG_WARN_CONSTANT_CONVERSION = YES;
				CLANG_WARN_DEPRECATED_OBJC_IMPLEMENTATIONS = YES;
				CLANG_WARN_DIRECT_OBJC_ISA_USAGE = YES_ERROR;
				CLANG_WARN_DOCUMENTATION_COMMENTS = YES;
				CLANG_WARN_EMPTY_BODY = YES;
				CLANG_WARN_ENUM_CONVERSION = YES;
				CLANG_WARN_INFINITE_RECURSION = YES;
				CLANG_WARN_INT_CONVERSION = YES;
				CLANG_WARN_NON_LITERAL_NULL_CONVERSION = YES;
				CLANG_WARN_OBJC_IMPLICIT_RETAIN_SELF = YES;
				CLANG_WARN_OBJC_LITERAL_CONVERSION = YES;
				CLANG_WARN_OBJC_ROOT_CLASS = YES_ERROR;
				CLANG_WARN_QUOTED_INCLUDE_IN_FRAMEWORK_HEADER = YES;
				CLANG_WARN_RANGE_LOOP_ANALYSIS = YES;
				CLANG_WARN_STRICT_PROTOTYPES = YES;
				CLANG_WARN_SUSPICIOUS_MOVE = YES;
				CLANG_WARN_UNGUARDED_AVAILABILITY = YES_AGGRESSIVE;
				CLANG_WARN_UNREACHABLE_CODE = YES;
				CLANG_WARN__DUPLICATE_METHOD_MATCH = YES;
				COPY_PHASE_STRIP = NO;
				DEBUG_INFORMATION_FORMAT = dwarf;
				ENABLE_STRICT_OBJC_MSGSEND = YES;
				ENABLE_TESTABILITY = YES;
				ENABLE_USER_SCRIPT_SANDBOXING = YES;
				GCC_C_LANGUAGE_STANDARD = gnu17;
				GCC_DYNAMIC_NO_PIC = NO;
				GCC_NO_COMMON_BLOCKS = YES;
				GCC_OPTIMIZATION_LEVEL = 0;
				GCC_PREPROCESSOR_DEFINITIONS = (
					"DEBUG=1",
					"$(inherited)",
				);
				GCC_WARN_64_TO_32_BIT_CONVERSION = YES;
				GCC_WARN_ABOUT_RETURN_TYPE = YES_ERROR;
				GCC_WARN_UNDECLARED_SELECTOR = YES;
				GCC_WARN_UNINITIALIZED_AUTOS = YES_AGGRESSIVE;
				GCC_WARN_UNUSED_FUNCTION = YES;
				GCC_WARN_UNUSED_VARIABLE = YES;
				LOCALIZATION_PREFERS_STRING_CATALOGS = YES;
				MTL_ENABLE_DEBUG_INFO = INCLUDE_SOURCE;
				MTL_FAST_MATH = YES;
				ONLY_ACTIVE_ARCH = YES;
				SWIFT_ACTIVE_COMPILATION_CONDITIONS = "DEBUG $(inherited)";
				SWIFT_OPTIMIZATION_LEVEL = "-Onone";
			};
			name = Debug;
		};
		17648B222F399171003C0AE5 /* Release */ = {
			isa = XCBuildConfiguration;
			buildSettings = {
				ALWAYS_SEARCH_USER_PATHS = NO;
				ASSETCATALOG_COMPILER_GENERATE_SWIFT_ASSET_SYMBOL_EXTENSIONS = YES;
				CLANG_ANALYZER_NONNULL = YES;
				CLANG_ANALYZER_NUMBER_OBJECT_CONVERSION = YES_AGGRESSIVE;
				CLANG_CXX_LANGUAGE_STANDARD = "gnu++20";
				CLANG_ENABLE_MODULES = YES;
				CLANG_ENABLE_OBJC_ARC = YES;
				CLANG_ENABLE_OBJC_WEAK = YES;
				CLANG_WARN_BLOCK_CAPTURE_AUTORELEASING = YES;
				CLANG_WARN_BOOL_CONVERSION = YES;
				CLANG_WARN_COMMA = YES;
				CLANG_WARN_CONSTANT_CONVERSION = YES;
				CLANG_WARN_DEPRECATED_OBJC_IMPLEMENTATIONS = YES;
				CLANG_WARN_DIRECT_OBJC_ISA_USAGE = YES_ERROR;
				CLANG_WARN_DOCUMENTATION_COMMENTS = YES;
				CLANG_WARN_EMPTY_BODY = YES;
				CLANG_WARN_ENUM_CONVERSION = YES;
				CLANG_WARN_INFINITE_RECURSION = YES;
				CLANG_WARN_INT_CONVERSION = YES;
				CLANG_WARN_NON_LITERAL_NULL_CONVERSION = YES;
				CLANG_WARN_OBJC_IMPLICIT_RETAIN_SELF = YES;
				CLANG_WARN_OBJC_LITERAL_CONVERSION = YES;
				CLANG_WARN_OBJC_ROOT_CLASS = YES_ERROR;
				CLANG_WARN_QUOTED_INCLUDE_IN_FRAMEWORK_HEADER = YES;
				CLANG_WARN_RANGE_LOOP_ANALYSIS = YES;
				CLANG_WARN_STRICT_PROTOTYPES = YES;
				CLANG_WARN_SUSPICIOUS_MOVE = YES;
				CLANG_WARN_UNGUARDED_AVAILABILITY = YES_AGGRESSIVE;
				CLANG_WARN_UNREACHABLE_CODE = YES;
				CLANG_WARN__DUPLICATE_METHOD_MATCH = YES;
				COPY_PHASE_STRIP = NO;
				DEBUG_INFORMATION_FORMAT = "dwarf-with-dsym";
				ENABLE_NS_ASSERTIONS = NO;
				ENABLE_STRICT_OBJC_MSGSEND = YES;
				ENABLE_USER_SCRIPT_SANDBOXING = YES;
				GCC_C_LANGUAGE_STANDARD = gnu17;
				GCC_NO_COMMON_BLOCKS = YES;
				GCC_WARN_64_TO_32_BIT_CONVERSION = YES;
				GCC_WARN_ABOUT_RETURN_TYPE = YES_ERROR;
				GCC_WARN_UNDECLARED_SELECTOR = YES;
				GCC_WARN_UNINITIALIZED_AUTOS = YES_AGGRESSIVE;
				GCC_WARN_UNUSED_FUNCTION = YES;
				GCC_WARN_UNUSED_VARIABLE = YES;
				LOCALIZATION_PREFERS_STRING_CATALOGS = YES;
				MTL_ENABLE_DEBUG_INFO = NO;
				MTL_FAST_MATH = YES;
				SWIFT_COMPILATION_MODE = wholemodule;
			};
			name = Release;
		};
		17648B242F399171003C0AE5 /* Debug */ = {
			isa = XCBuildConfiguration;
			buildSettings = {
				ASSETCATALOG_COMPILER_APPICON_NAME = AppIcon;
				ASSETCATALOG_COMPILER_GLOBAL_ACCENT_COLOR_NAME = AccentColor;
				CODE_SIGN_ENTITLEMENTS = LifeGrid.entitlements;
				CODE_SIGN_STYLE = Automatic;
				CURRENT_PROJECT_VERSION = 1;
				DEVELOPMENT_ASSET_PATHS = "\"Preview Content\"";
				DEVELOPMENT_TEAM = 6LCPW2D4TN;
				ENABLE_PREVIEWS = YES;
				GENERATE_INFOPLIST_FILE = YES;
				"INFOPLIST_KEY_UIApplicationSceneManifest_Generation[sdk=iphoneos*]" = YES;
				"INFOPLIST_KEY_UIApplicationSceneManifest_Generation[sdk=iphonesimulator*]" = YES;
				"INFOPLIST_KEY_UIApplicationSupportsIndirectInputEvents[sdk=iphoneos*]" = YES;
				"INFOPLIST_KEY_UIApplicationSupportsIndirectInputEvents[sdk=iphonesimulator*]" = YES;
					"INFOPLIST_KEY_UILaunchScreen_Generation[sdk=iphoneos*]" = YES;
					"INFOPLIST_KEY_UILaunchScreen_Generation[sdk=iphonesimulator*]" = YES;
					INFOPLIST_KEY_NSMicrophoneUsageDescription = "LifeGrid uses the microphone for voice diary entry.";
					INFOPLIST_KEY_NSSpeechRecognitionUsageDescription = "LifeGrid converts your speech to text for faster diary entry.";
					"INFOPLIST_KEY_UIStatusBarStyle[sdk=iphoneos*]" = UIStatusBarStyleDefault;
					"INFOPLIST_KEY_UIStatusBarStyle[sdk=iphonesimulator*]" = UIStatusBarStyleDefault;
				INFOPLIST_KEY_UISupportedInterfaceOrientations_iPad = "UIInterfaceOrientationPortrait UIInterfaceOrientationPortraitUpsideDown UIInterfaceOrientationLandscapeLeft UIInterfaceOrientationLandscapeRight";
				INFOPLIST_KEY_UISupportedInterfaceOrientations_iPhone = "UIInterfaceOrientationPortrait UIInterfaceOrientationLandscapeLeft UIInterfaceOrientationLandscapeRight";
				IPHONEOS_DEPLOYMENT_TARGET = 17.2;
				LD_RUNPATH_SEARCH_PATHS = "@executable_path/Frameworks";
				"LD_RUNPATH_SEARCH_PATHS[sdk=macosx*]" = "@executable_path/../Frameworks";
				MACOSX_DEPLOYMENT_TARGET = 13.7;
				MARKETING_VERSION = 1.0;
				PRODUCT_BUNDLE_IDENTIFIER = zong.LifeGrid;
				PRODUCT_NAME = "$(TARGET_NAME)";
				SDKROOT = auto;
				SUPPORTED_PLATFORMS = "iphoneos iphonesimulator macosx";
				SWIFT_EMIT_LOC_STRINGS = YES;
				SWIFT_VERSION = 5.0;
				TARGETED_DEVICE_FAMILY = "1,2";
			};
			name = Debug;
		};
		17648B252F399171003C0AE5 /* Release */ = {
			isa = XCBuildConfiguration;
			buildSettings = {
				ASSETCATALOG_COMPILER_APPICON_NAME = AppIcon;
				ASSETCATALOG_COMPILER_GLOBAL_ACCENT_COLOR_NAME = AccentColor;
				CODE_SIGN_ENTITLEMENTS = LifeGrid.entitlements;
				CODE_SIGN_STYLE = Automatic;
				CURRENT_PROJECT_VERSION = 1;
				DEVELOPMENT_ASSET_PATHS = "\"Preview Content\"";
				DEVELOPMENT_TEAM = 6LCPW2D4TN;
				ENABLE_PREVIEWS = YES;
				GENERATE_INFOPLIST_FILE = YES;
				"INFOPLIST_KEY_UIApplicationSceneManifest_Generation[sdk=iphoneos*]" = YES;
				"INFOPLIST_KEY_UIApplicationSceneManifest_Generation[sdk=iphonesimulator*]" = YES;
				"INFOPLIST_KEY_UIApplicationSupportsIndirectInputEvents[sdk=iphoneos*]" = YES;
				"INFOPLIST_KEY_UIApplicationSupportsIndirectInputEvents[sdk=iphonesimulator*]" = YES;
					"INFOPLIST_KEY_UILaunchScreen_Generation[sdk=iphoneos*]" = YES;
					"INFOPLIST_KEY_UILaunchScreen_Generation[sdk=iphonesimulator*]" = YES;
					INFOPLIST_KEY_NSMicrophoneUsageDescription = "LifeGrid uses the microphone for voice diary entry.";
					INFOPLIST_KEY_NSSpeechRecognitionUsageDescription = "LifeGrid converts your speech to text for faster diary entry.";
					"INFOPLIST_KEY_UIStatusBarStyle[sdk=iphoneos*]" = UIStatusBarStyleDefault;
					"INFOPLIST_KEY_UIStatusBarStyle[sdk=iphonesimulator*]" = UIStatusBarStyleDefault;
				INFOPLIST_KEY_UISupportedInterfaceOrientations_iPad = "UIInterfaceOrientationPortrait UIInterfaceOrientationPortraitUpsideDown UIInterfaceOrientationLandscapeLeft UIInterfaceOrientationLandscapeRight";
				INFOPLIST_KEY_UISupportedInterfaceOrientations_iPhone = "UIInterfaceOrientationPortrait UIInterfaceOrientationLandscapeLeft UIInterfaceOrientationLandscapeRight";
				IPHONEOS_DEPLOYMENT_TARGET = 17.2;
				LD_RUNPATH_SEARCH_PATHS = "@executable_path/Frameworks";
				"LD_RUNPATH_SEARCH_PATHS[sdk=macosx*]" = "@executable_path/../Frameworks";
				MACOSX_DEPLOYMENT_TARGET = 13.7;
				MARKETING_VERSION = 1.0;
				PRODUCT_BUNDLE_IDENTIFIER = zong.LifeGrid;
				PRODUCT_NAME = "$(TARGET_NAME)";
				SDKROOT = auto;
				SUPPORTED_PLATFORMS = "iphoneos iphonesimulator macosx";
				SWIFT_EMIT_LOC_STRINGS = YES;
				SWIFT_VERSION = 5.0;
				TARGETED_DEVICE_FAMILY = "1,2";
			};
			name = Release;
		};
		17648B272F399171003C0AE5 /* Debug */ = {
			isa = XCBuildConfiguration;
			buildSettings = {
				ALWAYS_EMBED_SWIFT_STANDARD_LIBRARIES = YES;
				BUNDLE_LOADER = "$(TEST_HOST)";
				CODE_SIGN_STYLE = Automatic;
				CURRENT_PROJECT_VERSION = 1;
				GENERATE_INFOPLIST_FILE = YES;
				IPHONEOS_DEPLOYMENT_TARGET = 17.2;
				MACOSX_DEPLOYMENT_TARGET = 13.7;
				MARKETING_VERSION = 1.0;
				PRODUCT_BUNDLE_IDENTIFIER = zong.LifeGridTests;
				PRODUCT_NAME = "$(TARGET_NAME)";
				SDKROOT = auto;
				SUPPORTED_PLATFORMS = "iphoneos iphonesimulator macosx";
				SWIFT_EMIT_LOC_STRINGS = NO;
				SWIFT_VERSION = 5.0;
				TARGETED_DEVICE_FAMILY = "1,2";
				TEST_HOST = "$(BUILT_PRODUCTS_DIR)/LifeGrid.app/$(BUNDLE_EXECUTABLE_FOLDER_PATH)/LifeGrid";
			};
			name = Debug;
		};
		17648B282F399171003C0AE5 /* Release */ = {
			isa = XCBuildConfiguration;
			buildSettings = {
				ALWAYS_EMBED_SWIFT_STANDARD_LIBRARIES = YES;
				BUNDLE_LOADER = "$(TEST_HOST)";
				CODE_SIGN_STYLE = Automatic;
				CURRENT_PROJECT_VERSION = 1;
				GENERATE_INFOPLIST_FILE = YES;
				IPHONEOS_DEPLOYMENT_TARGET = 17.2;
				MACOSX_DEPLOYMENT_TARGET = 13.7;
				MARKETING_VERSION = 1.0;
				PRODUCT_BUNDLE_IDENTIFIER = zong.LifeGridTests;
				PRODUCT_NAME = "$(TARGET_NAME)";
				SDKROOT = auto;
				SUPPORTED_PLATFORMS = "iphoneos iphonesimulator macosx";
				SWIFT_EMIT_LOC_STRINGS = NO;
				SWIFT_VERSION = 5.0;
				TARGETED_DEVICE_FAMILY = "1,2";
				TEST_HOST = "$(BUILT_PRODUCTS_DIR)/LifeGrid.app/$(BUNDLE_EXECUTABLE_FOLDER_PATH)/LifeGrid";
			};
			name = Release;
		};
		17648B2A2F399171003C0AE5 /* Debug */ = {
			isa = XCBuildConfiguration;
			buildSettings = {
				ALWAYS_EMBED_SWIFT_STANDARD_LIBRARIES = YES;
				CODE_SIGN_STYLE = Automatic;
				CURRENT_PROJECT_VERSION = 1;
				GENERATE_INFOPLIST_FILE = YES;
				IPHONEOS_DEPLOYMENT_TARGET = 17.2;
				MACOSX_DEPLOYMENT_TARGET = 13.7;
				MARKETING_VERSION = 1.0;
				PRODUCT_BUNDLE_IDENTIFIER = zong.LifeGridUITests;
				PRODUCT_NAME = "$(TARGET_NAME)";
				SDKROOT = auto;
				SUPPORTED_PLATFORMS = "iphoneos iphonesimulator macosx";
				SWIFT_EMIT_LOC_STRINGS = NO;
				SWIFT_VERSION = 5.0;
				TARGETED_DEVICE_FAMILY = "1,2";
				TEST_TARGET_NAME = LifeGrid;
			};
			name = Debug;
		};
		17648B2B2F399171003C0AE5 /* Release */ = {
			isa = XCBuildConfiguration;
			buildSettings = {
				ALWAYS_EMBED_SWIFT_STANDARD_LIBRARIES = YES;
				CODE_SIGN_STYLE = Automatic;
				CURRENT_PROJECT_VERSION = 1;
				GENERATE_INFOPLIST_FILE = YES;
				IPHONEOS_DEPLOYMENT_TARGET = 17.2;
				MACOSX_DEPLOYMENT_TARGET = 13.7;
				MARKETING_VERSION = 1.0;
				PRODUCT_BUNDLE_IDENTIFIER = zong.LifeGridUITests;
				PRODUCT_NAME = "$(TARGET_NAME)";
				SDKROOT = auto;
				SUPPORTED_PLATFORMS = "iphoneos iphonesimulator macosx";
				SWIFT_EMIT_LOC_STRINGS = NO;
				SWIFT_VERSION = 5.0;
				TARGETED_DEVICE_FAMILY = "1,2";
				TEST_TARGET_NAME = LifeGrid;
			};
			name = Release;
		};
/* End XCBuildConfiguration section */

/* Begin XCConfigurationList section */
		17648AF42F39916E003C0AE5 /* Build configuration list for PBXProject "LifeGrid" */ = {
			isa = XCConfigurationList;
			buildConfigurations = (
				17648B212F399171003C0AE5 /* Debug */,
				17648B222F399171003C0AE5 /* Release */,
			);
			defaultConfigurationIsVisible = 0;
			defaultConfigurationName = Release;
		};
		17648B232F399171003C0AE5 /* Build configuration list for PBXNativeTarget "LifeGrid" */ = {
			isa = XCConfigurationList;
			buildConfigurations = (
				17648B242F399171003C0AE5 /* Debug */,
				17648B252F399171003C0AE5 /* Release */,
			);
			defaultConfigurationIsVisible = 0;
			defaultConfigurationName = Release;
		};
		17648B262F399171003C0AE5 /* Build configuration list for PBXNativeTarget "LifeGridTests" */ = {
			isa = XCConfigurationList;
			buildConfigurations = (
				17648B272F399171003C0AE5 /* Debug */,
				17648B282F399171003C0AE5 /* Release */,
			);
			defaultConfigurationIsVisible = 0;
			defaultConfigurationName = Release;
		};
		17648B292F399171003C0AE5 /* Build configuration list for PBXNativeTarget "LifeGridUITests" */ = {
			isa = XCConfigurationList;
			buildConfigurations = (
				17648B2A2F399171003C0AE5 /* Debug */,
				17648B2B2F399171003C0AE5 /* Release */,
			);
			defaultConfigurationIsVisible = 0;
			defaultConfigurationName = Release;
		};
/* End XCConfigurationList section */

/* Begin XCVersionGroup section */
		17648B002F39916E003C0AE5 /* LifeGrid.xcdatamodeld */ = {
			isa = XCVersionGroup;
			children = (
				17648B012F39916E003C0AE5 /* LifeGrid.xcdatamodel */,
			);
			currentVersion = 17648B012F39916E003C0AE5 /* LifeGrid.xcdatamodel */;
			path = LifeGrid.xcdatamodeld;
			sourceTree = "<group>";
			versionGroupType = wrapper.xcdatamodel;
		};
/* End XCVersionGroup section */
	};
	rootObject = 17648AF12F39916E003C0AE5 /* Project object */;
}
